{
  "name": "api-capstone",
  "version": "1.0.0",
  "lockfileVersion": 1,
  "requires": true,
  "dependencies": {
    "wanakana": {
      "version": "2.3.1",
      "resolved": "https://registry.npmjs.org/wanakana/-/wanakana-2.3.1.tgz",
      "integrity": "sha512-R0R0tpEKtpXz9s1eK+oqdpGl+KYL+p8GNAQyMVA6E1SUuIXQqnk9L4UhRWS1dVS9Vw0is/2jgHWIspDVY9kToQ=="
    }
  }
}
