{
  "name": "api-capstone",
  "version": "1.0.0",
  "lockfileVersion": 1,
  "requires": true,
  "dependencies": {
    "sax": {
      "version": "1.2.4",
      "resolved": "https://registry.npmjs.org/sax/-/sax-1.2.4.tgz",
      "integrity": "sha512-NqVDv9TpANUjFm0N8uM5GxL36UgKi9/atZw+x7YFnQ8ckwFGKrl4xX4yWtrey3UJm5nP1kUbnYgLopqWNSRhWw=="
    },
    "wanakana": {
      "version": "2.3.1",
      "resolved": "https://registry.npmjs.org/wanakana/-/wanakana-2.3.1.tgz",
      "integrity": "sha512-R0R0tpEKtpXz9s1eK+oqdpGl+KYL+p8GNAQyMVA6E1SUuIXQqnk9L4UhRWS1dVS9Vw0is/2jgHWIspDVY9kToQ=="
    },
    "xml-js": {
      "version": "1.5.2",
      "resolved": "https://registry.npmjs.org/xml-js/-/xml-js-1.5.2.tgz",
      "integrity": "sha512-vcEkOCqlbPJExLSFgjpQ/nwrsPdjb/ElKqzCTGBB1aGpmfvj4mjdoLBarVFzUHg3ZT6pVrPDrRooE6wHuycaSg==",
      "requires": {
        "sax": "1.2.4"
      }
    }
  }
}
